// !$*UTF8*$!
{
	archiveVersion = 1;
	classes = {
	};
	objectVersion = 56;
	objects = {

/* Begin PBXBuildFile section */
		4611C9052CC56032001C2302 /* BookmarkView.swift in Sources */ = {isa = PBXBuildFile; fileRef = 4611C9042CC56032001C2302 /* BookmarkView.swift */; };
		4616D3D62CBE5D1800F2240C /* quote2.swift in Sources */ = {isa = PBXBuildFile; fileRef = 4616D3D52CBE5D1800F2240C /* quote2.swift */; };
		465A5AE32CE0198F0071C525 /* addNewQuoteView.swift in Sources */ = {isa = PBXBuildFile; fileRef = 465A5AE22CE0198F0071C525 /* addNewQuoteView.swift */; };
		465E39152CD7D8C2008F2C60 /* Categories.swift in Sources */ = {isa = PBXBuildFile; fileRef = 465E39142CD7D8C2008F2C60 /* Categories.swift */; };
		465E39302CD7F27A008F2C60 /* addCategoryView.swift in Sources */ = {isa = PBXBuildFile; fileRef = 465E392F2CD7F27A008F2C60 /* addCategoryView.swift */; };
		469FDA282C33C9F000DAE4AC /* QuotecardsApp.swift in Sources */ = {isa = PBXBuildFile; fileRef = 469FDA272C33C9F000DAE4AC /* QuotecardsApp.swift */; };
		469FDA2A2C33C9F000DAE4AC /* ContentView.swift in Sources */ = {isa = PBXBuildFile; fileRef = 469FDA292C33C9F000DAE4AC /* ContentView.swift */; };
		469FDA2C2C33C9F100DAE4AC /* Assets.xcassets in Resources */ = {isa = PBXBuildFile; fileRef = 469FDA2B2C33C9F100DAE4AC /* Assets.xcassets */; };
		469FDA2F2C33C9F100DAE4AC /* Preview Assets.xcassets in Resources */ = {isa = PBXBuildFile; fileRef = 469FDA2E2C33C9F100DAE4AC /* Preview Assets.xcassets */; };
		469FDA382C348A6000DAE4AC /* QuoteView.swift in Sources */ = {isa = PBXBuildFile; fileRef = 469FDA372C348A6000DAE4AC /* QuoteView.swift */; };
		469FDA3A2C348F5400DAE4AC /* quotes.json in Resources */ = {isa = PBXBuildFile; fileRef = 469FDA392C348F5400DAE4AC /* quotes.json */; };
		469FDA3C2C348FEA00DAE4AC /* quote.swift in Sources */ = {isa = PBXBuildFile; fileRef = 469FDA3B2C348FEA00DAE4AC /* quote.swift */; };
/* End PBXBuildFile section */

/* Begin PBXFileReference section */
		4611C9042CC56032001C2302 /* BookmarkView.swift */ = {isa = PBXFileReference; lastKnownFileType = sourcecode.swift; path = BookmarkView.swift; sourceTree = "<group>"; };
		4616D3D52CBE5D1800F2240C /* quote2.swift */ = {isa = PBXFileReference; lastKnownFileType = sourcecode.swift; path = quote2.swift; sourceTree = "<group>"; };
		465A5AE22CE0198F0071C525 /* addNewQuoteView.swift */ = {isa = PBXFileReference; lastKnownFileType = sourcecode.swift; path = addNewQuoteView.swift; sourceTree = "<group>"; };
		465E39142CD7D8C2008F2C60 /* Categories.swift */ = {isa = PBXFileReference; lastKnownFileType = sourcecode.swift; path = Categories.swift; sourceTree = "<group>"; };
		465E392F2CD7F27A008F2C60 /* addCategoryView.swift */ = {isa = PBXFileReference; lastKnownFileType = sourcecode.swift; path = addCategoryView.swift; sourceTree = "<group>"; };
		469FDA242C33C9F000DAE4AC /* Quotecards.app */ = {isa = PBXFileReference; explicitFileType = wrapper.application; includeInIndex = 0; path = Quotecards.app; sourceTree = BUILT_PRODUCTS_DIR; };
		469FDA272C33C9F000DAE4AC /* QuotecardsApp.swift */ = {isa = PBXFileReference; lastKnownFileType = sourcecode.swift; path = QuotecardsApp.swift; sourceTree = "<group>"; };
		469FDA292C33C9F000DAE4AC /* ContentView.swift */ = {isa = PBXFileReference; lastKnownFileType = sourcecode.swift; path = ContentView.swift; sourceTree = "<group>"; };
		469FDA2B2C33C9F100DAE4AC /* Assets.xcassets */ = {isa = PBXFileReference; lastKnownFileType = folder.assetcatalog; path = Assets.xcassets; sourceTree = "<group>"; };
		469FDA2E2C33C9F100DAE4AC /* Preview Assets.xcassets */ = {isa = PBXFileReference; lastKnownFileType = folder.assetcatalog; path = "Preview Assets.xcassets"; sourceTree = "<group>"; };
		469FDA372C348A6000DAE4AC /* QuoteView.swift */ = {isa = PBXFileReference; lastKnownFileType = sourcecode.swift; path = QuoteView.swift; sourceTree = "<group>"; };
		469FDA392C348F5400DAE4AC /* quotes.json */ = {isa = PBXFileReference; lastKnownFileType = text.json; path = quotes.json; sourceTree = "<group>"; };
		469FDA3B2C348FEA00DAE4AC /* quote.swift */ = {isa = PBXFileReference; lastKnownFileType = sourcecode.swift; path = quote.swift; sourceTree = "<group>"; };
/* End PBXFileReference section */

/* Begin PBXFrameworksBuildPhase section */
		469FDA212C33C9F000DAE4AC /* Frameworks */ = {
			isa = PBXFrameworksBuildPhase;
			buildActionMask = 2147483647;
			files = (
			);
			runOnlyForDeploymentPostprocessing = 0;
		};
/* End PBXFrameworksBuildPhase section */

/* Begin PBXGroup section */
		469FDA1B2C33C9F000DAE4AC = {
			isa = PBXGroup;
			children = (
				469FDA262C33C9F000DAE4AC /* Quotecards */,
				469FDA252C33C9F000DAE4AC /* Products */,
			);
			sourceTree = "<group>";
		};
		469FDA252C33C9F000DAE4AC /* Products */ = {
			isa = PBXGroup;
			children = (
				469FDA242C33C9F000DAE4AC /* Quotecards.app */,
			);
			name = Products;
			sourceTree = "<group>";
		};
		469FDA262C33C9F000DAE4AC /* Quotecards */ = {
			isa = PBXGroup;
			children = (
				469FDA272C33C9F000DAE4AC /* QuotecardsApp.swift */,
				469FDA292C33C9F000DAE4AC /* ContentView.swift */,
				4611C9042CC56032001C2302 /* BookmarkView.swift */,
				469FDA372C348A6000DAE4AC /* QuoteView.swift */,
				469FDA3B2C348FEA00DAE4AC /* quote.swift */,
				4616D3D52CBE5D1800F2240C /* quote2.swift */,
				465E392F2CD7F27A008F2C60 /* addCategoryView.swift */,
				469FDA392C348F5400DAE4AC /* quotes.json */,
				465E39142CD7D8C2008F2C60 /* Categories.swift */,
				465A5AE22CE0198F0071C525 /* addNewQuoteView.swift */,
				469FDA2B2C33C9F100DAE4AC /* Assets.xcassets */,
				469FDA2D2C33C9F100DAE4AC /* Preview Content */,
			);
			path = Quotecards;
			sourceTree = "<group>";
		};
		469FDA2D2C33C9F100DAE4AC /* Preview Content */ = {
			isa = PBXGroup;
			children = (
				469FDA2E2C33C9F100DAE4AC /* Preview Assets.xcassets */,
			);
			path = "Preview Content";
			sourceTree = "<group>";
		};
/* End PBXGroup section */

/* Begin PBXNativeTarget section */
		469FDA232C33C9F000DAE4AC /* Quotecards */ = {
			isa = PBXNativeTarget;
			buildConfigurationList = 469FDA322C33C9F100DAE4AC /* Build configuration list for PBXNativeTarget "Quotecards" */;
			buildPhases = (
				469FDA202C33C9F000DAE4AC /* Sources */,
				469FDA212C33C9F000DAE4AC /* Frameworks */,
				469FDA222C33C9F000DAE4AC /* Resources */,
			);
			buildRules = (
			);
			dependencies = (
			);
			name = Quotecards;
			productName = Quotecards;
			productReference = 469FDA242C33C9F000DAE4AC /* Quotecards.app */;
			productType = "com.apple.product-type.application";
		};
/* End PBXNativeTarget section */

/* Begin PBXProject section */
		469FDA1C2C33C9F000DAE4AC /* Project object */ = {
			isa = PBXProject;
			attributes = {
				BuildIndependentTargetsInParallel = 1;
				LastSwiftUpdateCheck = 1540;
				LastUpgradeCheck = 1540;
				TargetAttributes = {
					469FDA232C33C9F000DAE4AC = {
						CreatedOnToolsVersion = 15.4;
					};
				};
			};
			buildConfigurationList = 469FDA1F2C33C9F000DAE4AC /* Build configuration list for PBXProject "Quotecards" */;
			compatibilityVersion = "Xcode 14.0";
			developmentRegion = en;
			hasScannedForEncodings = 0;
			knownRegions = (
				en,
				Base,
			);
			mainGroup = 469FDA1B2C33C9F000DAE4AC;
			productRefGroup = 469FDA252C33C9F000DAE4AC /* Products */;
			projectDirPath = "";
			projectRoot = "";
			targets = (
				469FDA232C33C9F000DAE4AC /* Quotecards */,
			);
		};
/* End PBXProject section */

/* Begin PBXResourcesBuildPhase section */
		469FDA222C33C9F000DAE4AC /* Resources */ = {
			isa = PBXResourcesBuildPhase;
			buildActionMask = 2147483647;
			files = (
				469FDA2F2C33C9F100DAE4AC /* Preview Assets.xcassets in Resources */,
				469FDA2C2C33C9F100DAE4AC /* Assets.xcassets in Resources */,
				469FDA3A2C348F5400DAE4AC /* quotes.json in Resources */,
			);
			runOnlyForDeploymentPostprocessing = 0;
		};
/* End PBXResourcesBuildPhase section */

/* Begin PBXSourcesBuildPhase section */
		469FDA202C33C9F000DAE4AC /* Sources */ = {
			isa = PBXSourcesBuildPhase;
			buildActionMask = 2147483647;
			files = (
				469FDA2A2C33C9F000DAE4AC /* ContentView.swift in Sources */,
				469FDA282C33C9F000DAE4AC /* QuotecardsApp.swift in Sources */,
				465E39302CD7F27A008F2C60 /* addCategoryView.swift in Sources */,
				465A5AE32CE0198F0071C525 /* addNewQuoteView.swift in Sources */,
				4616D3D62CBE5D1800F2240C /* quote2.swift in Sources */,
				465E39152CD7D8C2008F2C60 /* Categories.swift in Sources */,
				469FDA3C2C348FEA00DAE4AC /* quote.swift in Sources */,
				4611C9052CC56032001C2302 /* BookmarkView.swift in Sources */,
				469FDA382C348A6000DAE4AC /* QuoteView.swift in Sources */,
			);
			runOnlyForDeploymentPostprocessing = 0;
		};
/* End PBXSourcesBuildPhase section */

/* Begin XCBuildConfiguration section */
		469FDA302C33C9F100DAE4AC /* Debug */ = {
			isa = XCBuildConfiguration;
			buildSettings = {
				ALWAYS_SEARCH_USER_PATHS = NO;
				ASSETCATALOG_COMPILER_GENERATE_SWIFT_ASSET_SYMBOL_EXTENSIONS = YES;
				CLANG_ANALYZER_NONNULL = YES;
				CLANG_ANALYZER_NUMBER_OBJECT_CONVERSION = YES_AGGRESSIVE;
				CLANG_CXX_LANGUAGE_STANDARD = "gnu++20";
				CLANG_ENABLE_MODULES = YES;
				CLANG_ENABLE_OBJC_ARC = YES;
				CLANG_ENABLE_OBJC_WEAK = YES;
				CLANG_WARN_BLOCK_CAPTURE_AUTORELEASING = YES;
				CLANG_WARN_BOOL_CONVERSION = YES;
				CLANG_WARN_COMMA = YES;
				CLANG_WARN_CONSTANT_CONVERSION = YES;
				CLANG_WARN_DEPRECATED_OBJC_IMPLEMENTATIONS = YES;
				CLANG_WARN_DIRECT_OBJC_ISA_USAGE = YES_ERROR;
				CLANG_WARN_DOCUMENTATION_COMMENTS = YES;
				CLANG_WARN_EMPTY_BODY = YES;
				CLANG_WARN_ENUM_CONVERSION = YES;
				CLANG_WARN_INFINITE_RECURSION = YES;
				CLANG_WARN_INT_CONVERSION = YES;
				CLANG_WARN_NON_LITERAL_NULL_CONVERSION = YES;
				CLANG_WARN_OBJC_IMPLICIT_RETAIN_SELF = YES;
				CLANG_WARN_OBJC_LITERAL_CONVERSION = YES;
				CLANG_WARN_OBJC_ROOT_CLASS = YES_ERROR;
				CLANG_WARN_QUOTED_INCLUDE_IN_FRAMEWORK_HEADER = YES;
				CLANG_WARN_RANGE_LOOP_ANALYSIS = YES;
				CLANG_WARN_STRICT_PROTOTYPES = YES;
				CLANG_WARN_SUSPICIOUS_MOVE = YES;
				CLANG_WARN_UNGUARDED_AVAILABILITY = YES_AGGRESSIVE;
				CLANG_WARN_UNREACHABLE_CODE = YES;
				CLANG_WARN__DUPLICATE_METHOD_MATCH = YES;
				COPY_PHASE_STRIP = NO;
				DEBUG_INFORMATION_FORMAT = dwarf;
				ENABLE_STRICT_OBJC_MSGSEND = YES;
				ENABLE_TESTABILITY = YES;
				ENABLE_USER_SCRIPT_SANDBOXING = YES;
				GCC_C_LANGUAGE_STANDARD = gnu17;
				GCC_DYNAMIC_NO_PIC = NO;
				GCC_NO_COMMON_BLOCKS = YES;
				GCC_OPTIMIZATION_LEVEL = 0;
				GCC_PREPROCESSOR_DEFINITIONS = (
					"DEBUG=1",
					"$(inherited)",
				);
				GCC_WARN_64_TO_32_BIT_CONVERSION = YES;
				GCC_WARN_ABOUT_RETURN_TYPE = YES_ERROR;
				GCC_WARN_UNDECLARED_SELECTOR = YES;
				GCC_WARN_UNINITIALIZED_AUTOS = YES_AGGRESSIVE;
				GCC_WARN_UNUSED_FUNCTION = YES;
				GCC_WARN_UNUSED_VARIABLE = YES;
				IPHONEOS_DEPLOYMENT_TARGET = 17.5;
				LOCALIZATION_PREFERS_STRING_CATALOGS = YES;
				MTL_ENABLE_DEBUG_INFO = INCLUDE_SOURCE;
				MTL_FAST_MATH = YES;
				ONLY_ACTIVE_ARCH = YES;
				SDKROOT = iphoneos;
				SWIFT_ACTIVE_COMPILATION_CONDITIONS = "DEBUG $(inherited)";
				SWIFT_OPTIMIZATION_LEVEL = "-Onone";
			};
			name = Debug;
		};
		469FDA312C33C9F100DAE4AC /* Release */ = {
			isa = XCBuildConfiguration;
			buildSettings = {
				ALWAYS_SEARCH_USER_PATHS = NO;
				ASSETCATALOG_COMPILER_GENERATE_SWIFT_ASSET_SYMBOL_EXTENSIONS = YES;
				CLANG_ANALYZER_NONNULL = YES;
				CLANG_ANALYZER_NUMBER_OBJECT_CONVERSION = YES_AGGRESSIVE;
				CLANG_CXX_LANGUAGE_STANDARD = "gnu++20";
				CLANG_ENABLE_MODULES = YES;
				CLANG_ENABLE_OBJC_ARC = YES;
				CLANG_ENABLE_OBJC_WEAK = YES;
				CLANG_WARN_BLOCK_CAPTURE_AUTORELEASING = YES;
				CLANG_WARN_BOOL_CONVERSION = YES;
				CLANG_WARN_COMMA = YES;
				CLANG_WARN_CONSTANT_CONVERSION = YES;
				CLANG_WARN_DEPRECATED_OBJC_IMPLEMENTATIONS = YES;
				CLANG_WARN_DIRECT_OBJC_ISA_USAGE = YES_ERROR;
				CLANG_WARN_DOCUMENTATION_COMMENTS = YES;
				CLANG_WARN_EMPTY_BODY = YES;
				CLANG_WARN_ENUM_CONVERSION = YES;
				CLANG_WARN_INFINITE_RECURSION = YES;
				CLANG_WARN_INT_CONVERSION = YES;
				CLANG_WARN_NON_LITERAL_NULL_CONVERSION = YES;
				CLANG_WARN_OBJC_IMPLICIT_RETAIN_SELF = YES;
				CLANG_WARN_OBJC_LITERAL_CONVERSION = YES;
				CLANG_WARN_OBJC_ROOT_CLASS = YES_ERROR;
				CLANG_WARN_QUOTED_INCLUDE_IN_FRAMEWORK_HEADER = YES;
				CLANG_WARN_RANGE_LOOP_ANALYSIS = YES;
				CLANG_WARN_STRICT_PROTOTYPES = YES;
				CLANG_WARN_SUSPICIOUS_MOVE = YES;
				CLANG_WARN_UNGUARDED_AVAILABILITY = YES_AGGRESSIVE;
				CLANG_WARN_UNREACHABLE_CODE = YES;
				CLANG_WARN__DUPLICATE_METHOD_MATCH = YES;
				COPY_PHASE_STRIP = NO;
				DEBUG_INFORMATION_FORMAT = "dwarf-with-dsym";
				ENABLE_NS_ASSERTIONS = NO;
				ENABLE_STRICT_OBJC_MSGSEND = YES;
				ENABLE_USER_SCRIPT_SANDBOXING = YES;
				GCC_C_LANGUAGE_STANDARD = gnu17;
				GCC_NO_COMMON_BLOCKS = YES;
				GCC_WARN_64_TO_32_BIT_CONVERSION = YES;
				GCC_WARN_ABOUT_RETURN_TYPE = YES_ERROR;
				GCC_WARN_UNDECLARED_SELECTOR = YES;
				GCC_WARN_UNINITIALIZED_AUTOS = YES_AGGRESSIVE;
				GCC_WARN_UNUSED_FUNCTION = YES;
				GCC_WARN_UNUSED_VARIABLE = YES;
				IPHONEOS_DEPLOYMENT_TARGET = 17.5;
				LOCALIZATION_PREFERS_STRING_CATALOGS = YES;
				MTL_ENABLE_DEBUG_INFO = NO;
				MTL_FAST_MATH = YES;
				SDKROOT = iphoneos;
				SWIFT_COMPILATION_MODE = wholemodule;
				VALIDATE_PRODUCT = YES;
			};
			name = Release;
		};
		469FDA332C33C9F100DAE4AC /* Debug */ = {
			isa = XCBuildConfiguration;
			buildSettings = {
				ASSETCATALOG_COMPILER_APPICON_NAME = AppIcon;
				ASSETCATALOG_COMPILER_GLOBAL_ACCENT_COLOR_NAME = AccentColor;
				CODE_SIGN_STYLE = Automatic;
				CURRENT_PROJECT_VERSION = 1;
				DEVELOPMENT_ASSET_PATHS = "\"Quotecards/Preview Content\"";
				DEVELOPMENT_TEAM = W4ARUCL9SZ;
				ENABLE_PREVIEWS = YES;
				GENERATE_INFOPLIST_FILE = YES;
				INFOPLIST_KEY_UIApplicationSceneManifest_Generation = YES;
				INFOPLIST_KEY_UIApplicationSupportsIndirectInputEvents = YES;
				INFOPLIST_KEY_UILaunchScreen_Generation = YES;
				INFOPLIST_KEY_UISupportedInterfaceOrientations_iPad = "UIInterfaceOrientationPortrait UIInterfaceOrientationPortraitUpsideDown UIInterfaceOrientationLandscapeLeft UIInterfaceOrientationLandscapeRight";
				INFOPLIST_KEY_UISupportedInterfaceOrientations_iPhone = "UIInterfaceOrientationPortrait UIInterfaceOrientationLandscapeLeft UIInterfaceOrientationLandscapeRight";
				LD_RUNPATH_SEARCH_PATHS = (
					"$(inherited)",
					"@executable_path/Frameworks",
				);
				MARKETING_VERSION = 1.0;
				PRODUCT_BUNDLE_IDENTIFIER = learningswift.Quotecards;
				PRODUCT_NAME = "$(TARGET_NAME)";
				SWIFT_EMIT_LOC_STRINGS = YES;
				SWIFT_VERSION = 5.0;
				TARGETED_DEVICE_FAMILY = "1,2";
			};
			name = Debug;
		};
		469FDA342C33C9F100DAE4AC /* Release */ = {
			isa = XCBuildConfiguration;
			buildSettings = {
				ASSETCATALOG_COMPILER_APPICON_NAME = AppIcon;
				ASSETCATALOG_COMPILER_GLOBAL_ACCENT_COLOR_NAME = AccentColor;
				CODE_SIGN_STYLE = Automatic;
				CURRENT_PROJECT_VERSION = 1;
				DEVELOPMENT_ASSET_PATHS = "\"Quotecards/Preview Content\"";
				DEVELOPMENT_TEAM = W4ARUCL9SZ;
				ENABLE_PREVIEWS = YES;
				GENERATE_INFOPLIST_FILE = YES;
				INFOPLIST_KEY_UIApplicationSceneManifest_Generation = YES;
				INFOPLIST_KEY_UIApplicationSupportsIndirectInputEvents = YES;
				INFOPLIST_KEY_UILaunchScreen_Generation = YES;
				INFOPLIST_KEY_UISupportedInterfaceOrientations_iPad = "UIInterfaceOrientationPortrait UIInterfaceOrientationPortraitUpsideDown UIInterfaceOrientationLandscapeLeft UIInterfaceOrientationLandscapeRight";
				INFOPLIST_KEY_UISupportedInterfaceOrientations_iPhone = "UIInterfaceOrientationPortrait UIInterfaceOrientationLandscapeLeft UIInterfaceOrientationLandscapeRight";
				LD_RUNPATH_SEARCH_PATHS = (
					"$(inherited)",
					"@executable_path/Frameworks",
				);
				MARKETING_VERSION = 1.0;
				PRODUCT_BUNDLE_IDENTIFIER = learningswift.Quotecards;
				PRODUCT_NAME = "$(TARGET_NAME)";
				SWIFT_EMIT_LOC_STRINGS = YES;
				SWIFT_VERSION = 5.0;
				TARGETED_DEVICE_FAMILY = "1,2";
			};
			name = Release;
		};
/* End XCBuildConfiguration section */

/* Begin XCConfigurationList section */
		469FDA1F2C33C9F000DAE4AC /* Build configuration list for PBXProject "Quotecards" */ = {
			isa = XCConfigurationList;
			buildConfigurations = (
				469FDA302C33C9F100DAE4AC /* Debug */,
				469FDA312C33C9F100DAE4AC /* Release */,
			);
			defaultConfigurationIsVisible = 0;
			defaultConfigurationName = Release;
		};
		469FDA322C33C9F100DAE4AC /* Build configuration list for PBXNativeTarget "Quotecards" */ = {
			isa = XCConfigurationList;
			buildConfigurations = (
				469FDA332C33C9F100DAE4AC /* Debug */,
				469FDA342C33C9F100DAE4AC /* Release */,
			);
			defaultConfigurationIsVisible = 0;
			defaultConfigurationName = Release;
		};
/* End XCConfigurationList section */
	};
	rootObject = 469FDA1C2C33C9F000DAE4AC /* Project object */;
}
